// !$*UTF8*$!
{
	archiveVersion = 1;
	classes = {
	};
	objectVersion = 50;
	objects = {

/* Begin PBXBuildFile section */
		A16E6ECE233BD28900EAF333 /* AppDelegate.swift in Sources */ = {isa = PBXBuildFile; fileRef = A16E6ECD233BD28900EAF333 /* AppDelegate.swift */; };
		A16E6ED0233BD28900EAF333 /* ViewController.swift in Sources */ = {isa = PBXBuildFile; fileRef = A16E6ECF233BD28900EAF333 /* ViewController.swift */; };
		A16E6ED3233BD28900EAF333 /* Main.storyboard in Resources */ = {isa = PBXBuildFile; fileRef = A16E6ED1233BD28900EAF333 /* Main.storyboard */; };
		A16E6ED6233BD28900EAF333 /* practica11.xcdatamodeld in Sources */ = {isa = PBXBuildFile; fileRef = A16E6ED4233BD28900EAF333 /* practica11.xcdatamodeld */; };
		A16E6ED8233BD28A00EAF333 /* Assets.xcassets in Resources */ = {isa = PBXBuildFile; fileRef = A16E6ED7233BD28A00EAF333 /* Assets.xcassets */; };
		A16E6EDB233BD28A00EAF333 /* LaunchScreen.storyboard in Resources */ = {isa = PBXBuildFile; fileRef = A16E6ED9233BD28A00EAF333 /* LaunchScreen.storyboard */; };
		A16E6EE3233BD34800EAF333 /* mercado2.jpg in Resources */ = {isa = PBXBuildFile; fileRef = A16E6EE2233BD34700EAF333 /* mercado2.jpg */; };
		A16E6EE5233BDBBE00EAF333 /* VisorWeb.swift in Sources */ = {isa = PBXBuildFile; fileRef = A16E6EE4233BDBBE00EAF333 /* VisorWeb.swift */; };
		A16E6EEA233BDF7000EAF333 /* iconopdf.svg in Resources */ = {isa = PBXBuildFile; fileRef = A16E6EE6233BDF6F00EAF333 /* iconopdf.svg */; };
		A16E6EEB233BDF7000EAF333 /* pdf1.pdf in Resources */ = {isa = PBXBuildFile; fileRef = A16E6EE7233BDF6F00EAF333 /* pdf1.pdf */; };
		A16E6EEC233BDF7000EAF333 /* pdf2.pdf in Resources */ = {isa = PBXBuildFile; fileRef = A16E6EE8233BDF6F00EAF333 /* pdf2.pdf */; };
		A16E6EED233BDF7000EAF333 /* pdf3.pdf in Resources */ = {isa = PBXBuildFile; fileRef = A16E6EE9233BDF6F00EAF333 /* pdf3.pdf */; };
		A16E6EEF233BE03E00EAF333 /* PDF.png in Resources */ = {isa = PBXBuildFile; fileRef = A16E6EEE233BE03E00EAF333 /* PDF.png */; };
		A16E6EF1233BE0DD00EAF333 /* pdf4.png in Resources */ = {isa = PBXBuildFile; fileRef = A16E6EF0233BE0DD00EAF333 /* pdf4.png */; };
/* End PBXBuildFile section */

/* Begin PBXFileReference section */
		A16E6ECA233BD28900EAF333 /* practica11.app */ = {isa = PBXFileReference; explicitFileType = wrapper.application; includeInIndex = 0; path = practica11.app; sourceTree = BUILT_PRODUCTS_DIR; };
		A16E6ECD233BD28900EAF333 /* AppDelegate.swift */ = {isa = PBXFileReference; lastKnownFileType = sourcecode.swift; path = AppDelegate.swift; sourceTree = "<group>"; };
		A16E6ECF233BD28900EAF333 /* ViewController.swift */ = {isa = PBXFileReference; lastKnownFileType = sourcecode.swift; path = ViewController.swift; sourceTree = "<group>"; };
		A16E6ED2233BD28900EAF333 /* Base */ = {isa = PBXFileReference; lastKnownFileType = file.storyboard; name = Base; path = Base.lproj/Main.storyboard; sourceTree = "<group>"; };
		A16E6ED5233BD28900EAF333 /* practica11.xcdatamodel */ = {isa = PBXFileReference; lastKnownFileType = wrapper.xcdatamodel; path = practica11.xcdatamodel; sourceTree = "<group>"; };
		A16E6ED7233BD28A00EAF333 /* Assets.xcassets */ = {isa = PBXFileReference; lastKnownFileType = folder.assetcatalog; path = Assets.xcassets; sourceTree = "<group>"; };
		A16E6EDA233BD28A00EAF333 /* Base */ = {isa = PBXFileReference; lastKnownFileType = file.storyboard; name = Base; path = Base.lproj/LaunchScreen.storyboard; sourceTree = "<group>"; };
		A16E6EDC233BD28A00EAF333 /* Info.plist */ = {isa = PBXFileReference; lastKnownFileType = text.plist.xml; path = Info.plist; sourceTree = "<group>"; };
		A16E6EE2233BD34700EAF333 /* mercado2.jpg */ = {isa = PBXFileReference; lastKnownFileType = image.jpeg; path = mercado2.jpg; sourceTree = "<group>"; };
		A16E6EE4233BDBBE00EAF333 /* VisorWeb.swift */ = {isa = PBXFileReference; lastKnownFileType = sourcecode.swift; path = VisorWeb.swift; sourceTree = "<group>"; };
		A16E6EE6233BDF6F00EAF333 /* iconopdf.svg */ = {isa = PBXFileReference; fileEncoding = 4; lastKnownFileType = text.xml; path = iconopdf.svg; sourceTree = "<group>"; };
		A16E6EE7233BDF6F00EAF333 /* pdf1.pdf */ = {isa = PBXFileReference; lastKnownFileType = image.pdf; path = pdf1.pdf; sourceTree = "<group>"; };
		A16E6EE8233BDF6F00EAF333 /* pdf2.pdf */ = {isa = PBXFileReference; lastKnownFileType = image.pdf; path = pdf2.pdf; sourceTree = "<group>"; };
		A16E6EE9233BDF6F00EAF333 /* pdf3.pdf */ = {isa = PBXFileReference; lastKnownFileType = image.pdf; path = pdf3.pdf; sourceTree = "<group>"; };
		A16E6EEE233BE03E00EAF333 /* PDF.png */ = {isa = PBXFileReference; lastKnownFileType = image.png; path = PDF.png; sourceTree = "<group>"; };
		A16E6EF0233BE0DD00EAF333 /* pdf4.png */ = {isa = PBXFileReference; lastKnownFileType = image.png; path = pdf4.png; sourceTree = "<group>"; };
/* End PBXFileReference section */

/* Begin PBXFrameworksBuildPhase section */
		A16E6EC7233BD28900EAF333 /* Frameworks */ = {
			isa = PBXFrameworksBuildPhase;
			buildActionMask = 2147483647;
			files = (
			);
			runOnlyForDeploymentPostprocessing = 0;
		};
/* End PBXFrameworksBuildPhase section */

/* Begin PBXGroup section */
		A16E6EC1233BD28900EAF333 = {
			isa = PBXGroup;
			children = (
				A16E6EE4233BDBBE00EAF333 /* VisorWeb.swift */,
				A16E6ECC233BD28900EAF333 /* practica11 */,
				A16E6ECB233BD28900EAF333 /* Products */,
			);
			sourceTree = "<group>";
		};
		A16E6ECB233BD28900EAF333 /* Products */ = {
			isa = PBXGroup;
			children = (
				A16E6ECA233BD28900EAF333 /* practica11.app */,
			);
			name = Products;
			sourceTree = "<group>";
		};
		A16E6ECC233BD28900EAF333 /* practica11 */ = {
			isa = PBXGroup;
			children = (
				A16E6ECD233BD28900EAF333 /* AppDelegate.swift */,
				A16E6ECF233BD28900EAF333 /* ViewController.swift */,
				A16E6EF0233BE0DD00EAF333 /* pdf4.png */,
				A16E6ED1233BD28900EAF333 /* Main.storyboard */,
				A16E6ED7233BD28A00EAF333 /* Assets.xcassets */,
				A16E6ED9233BD28A00EAF333 /* LaunchScreen.storyboard */,
				A16E6EDC233BD28A00EAF333 /* Info.plist */,
				A16E6EE2233BD34700EAF333 /* mercado2.jpg */,
				A16E6EE6233BDF6F00EAF333 /* iconopdf.svg */,
				A16E6EE7233BDF6F00EAF333 /* pdf1.pdf */,
				A16E6EE8233BDF6F00EAF333 /* pdf2.pdf */,
				A16E6EE9233BDF6F00EAF333 /* pdf3.pdf */,
				A16E6EEE233BE03E00EAF333 /* PDF.png */,
				A16E6ED4233BD28900EAF333 /* practica11.xcdatamodeld */,
			);
			path = practica11;
			sourceTree = "<group>";
		};
/* End PBXGroup section */

/* Begin PBXNativeTarget section */
		A16E6EC9233BD28900EAF333 /* practica11 */ = {
			isa = PBXNativeTarget;
			buildConfigurationList = A16E6EDF233BD28A00EAF333 /* Build configuration list for PBXNativeTarget "practica11" */;
			buildPhases = (
				A16E6EC6233BD28900EAF333 /* Sources */,
				A16E6EC7233BD28900EAF333 /* Frameworks */,
				A16E6EC8233BD28900EAF333 /* Resources */,
			);
			buildRules = (
			);
			dependencies = (
			);
			name = practica11;
			productName = practica11;
			productReference = A16E6ECA233BD28900EAF333 /* practica11.app */;
			productType = "com.apple.product-type.application";
		};
/* End PBXNativeTarget section */

/* Begin PBXProject section */
		A16E6EC2233BD28900EAF333 /* Project object */ = {
			isa = PBXProject;
			attributes = {
				LastSwiftUpdateCheck = 1020;
				LastUpgradeCheck = 1020;
				ORGANIZATIONNAME = Moviles;
				TargetAttributes = {
					A16E6EC9233BD28900EAF333 = {
						CreatedOnToolsVersion = 10.2.1;
					};
				};
			};
			buildConfigurationList = A16E6EC5233BD28900EAF333 /* Build configuration list for PBXProject "practica11" */;
			compatibilityVersion = "Xcode 9.3";
			developmentRegion = en;
			hasScannedForEncodings = 0;
			knownRegions = (
				en,
				Base,
			);
			mainGroup = A16E6EC1233BD28900EAF333;
			productRefGroup = A16E6ECB233BD28900EAF333 /* Products */;
			projectDirPath = "";
			projectRoot = "";
			targets = (
				A16E6EC9233BD28900EAF333 /* practica11 */,
			);
		};
/* End PBXProject section */

/* Begin PBXResourcesBuildPhase section */
		A16E6EC8233BD28900EAF333 /* Resources */ = {
			isa = PBXResourcesBuildPhase;
			buildActionMask = 2147483647;
			files = (
				A16E6EEF233BE03E00EAF333 /* PDF.png in Resources */,
				A16E6EF1233BE0DD00EAF333 /* pdf4.png in Resources */,
				A16E6EEC233BDF7000EAF333 /* pdf2.pdf in Resources */,
				A16E6EE3233BD34800EAF333 /* mercado2.jpg in Resources */,
				A16E6EDB233BD28A00EAF333 /* LaunchScreen.storyboard in Resources */,
				A16E6ED8233BD28A00EAF333 /* Assets.xcassets in Resources */,
				A16E6EEA233BDF7000EAF333 /* iconopdf.svg in Resources */,
				A16E6EED233BDF7000EAF333 /* pdf3.pdf in Resources */,
				A16E6ED3233BD28900EAF333 /* Main.storyboard in Resources */,
				A16E6EEB233BDF7000EAF333 /* pdf1.pdf in Resources */,
			);
			runOnlyForDeploymentPostprocessing = 0;
		};
/* End PBXResourcesBuildPhase section */

/* Begin PBXSourcesBuildPhase section */
		A16E6EC6233BD28900EAF333 /* Sources */ = {
			isa = PBXSourcesBuildPhase;
			buildActionMask = 2147483647;
			files = (
				A16E6ED0233BD28900EAF333 /* ViewController.swift in Sources */,
				A16E6ED6233BD28900EAF333 /* practica11.xcdatamodeld in Sources */,
				A16E6EE5233BDBBE00EAF333 /* VisorWeb.swift in Sources */,
				A16E6ECE233BD28900EAF333 /* AppDelegate.swift in Sources */,
			);
			runOnlyForDeploymentPostprocessing = 0;
		};
/* End PBXSourcesBuildPhase section */

/* Begin PBXVariantGroup section */
		A16E6ED1233BD28900EAF333 /* Main.storyboard */ = {
			isa = PBXVariantGroup;
			children = (
				A16E6ED2233BD28900EAF333 /* Base */,
			);
			name = Main.storyboard;
			sourceTree = "<group>";
		};
		A16E6ED9233BD28A00EAF333 /* LaunchScreen.storyboard */ = {
			isa = PBXVariantGroup;
			children = (
				A16E6EDA233BD28A00EAF333 /* Base */,
			);
			name = LaunchScreen.storyboard;
			sourceTree = "<group>";
		};
/* End PBXVariantGroup section */

/* Begin XCBuildConfiguration section */
		A16E6EDD233BD28A00EAF333 /* Debug */ = {
			isa = XCBuildConfiguration;
			buildSettings = {
				ALWAYS_SEARCH_USER_PATHS = NO;
				CLANG_ANALYZER_NONNULL = YES;
				CLANG_ANALYZER_NUMBER_OBJECT_CONVERSION = YES_AGGRESSIVE;
				CLANG_CXX_LANGUAGE_STANDARD = "gnu++14";
				CLANG_CXX_LIBRARY = "libc++";
				CLANG_ENABLE_MODULES = YES;
				CLANG_ENABLE_OBJC_ARC = YES;
				CLANG_ENABLE_OBJC_WEAK = YES;
				CLANG_WARN_BLOCK_CAPTURE_AUTORELEASING = YES;
				CLANG_WARN_BOOL_CONVERSION = YES;
				CLANG_WARN_COMMA = YES;
				CLANG_WARN_CONSTANT_CONVERSION = YES;
				CLANG_WARN_DEPRECATED_OBJC_IMPLEMENTATIONS = YES;
				CLANG_WARN_DIRECT_OBJC_ISA_USAGE = YES_ERROR;
				CLANG_WARN_DOCUMENTATION_COMMENTS = YES;
				CLANG_WARN_EMPTY_BODY = YES;
				CLANG_WARN_ENUM_CONVERSION = YES;
				CLANG_WARN_INFINITE_RECURSION = YES;
				CLANG_WARN_INT_CONVERSION = YES;
				CLANG_WARN_NON_LITERAL_NULL_CONVERSION = YES;
				CLANG_WARN_OBJC_IMPLICIT_RETAIN_SELF = YES;
				CLANG_WARN_OBJC_LITERAL_CONVERSION = YES;
				CLANG_WARN_OBJC_ROOT_CLASS = YES_ERROR;
				CLANG_WARN_RANGE_LOOP_ANALYSIS = YES;
				CLANG_WARN_STRICT_PROTOTYPES = YES;
				CLANG_WARN_SUSPICIOUS_MOVE = YES;
				CLANG_WARN_UNGUARDED_AVAILABILITY = YES_AGGRESSIVE;
				CLANG_WARN_UNREACHABLE_CODE = YES;
				CLANG_WARN__DUPLICATE_METHOD_MATCH = YES;
				CODE_SIGN_IDENTITY = "iPhone Developer";
				COPY_PHASE_STRIP = NO;
				DEBUG_INFORMATION_FORMAT = dwarf;
				ENABLE_STRICT_OBJC_MSGSEND = YES;
				ENABLE_TESTABILITY = YES;
				GCC_C_LANGUAGE_STANDARD = gnu11;
				GCC_DYNAMIC_NO_PIC = NO;
				GCC_NO_COMMON_BLOCKS = YES;
				GCC_OPTIMIZATION_LEVEL = 0;
				GCC_PREPROCESSOR_DEFINITIONS = (
					"DEBUG=1",
					"$(inherited)",
				);
				GCC_WARN_64_TO_32_BIT_CONVERSION = YES;
				GCC_WARN_ABOUT_RETURN_TYPE = YES_ERROR;
				GCC_WARN_UNDECLARED_SELECTOR = YES;
				GCC_WARN_UNINITIALIZED_AUTOS = YES_AGGRESSIVE;
				GCC_WARN_UNUSED_FUNCTION = YES;
				GCC_WARN_UNUSED_VARIABLE = YES;
				IPHONEOS_DEPLOYMENT_TARGET = 12.2;
				MTL_ENABLE_DEBUG_INFO = INCLUDE_SOURCE;
				MTL_FAST_MATH = YES;
				ONLY_ACTIVE_ARCH = YES;
				SDKROOT = iphoneos;
				SWIFT_ACTIVE_COMPILATION_CONDITIONS = DEBUG;
				SWIFT_OPTIMIZATION_LEVEL = "-Onone";
			};
			name = Debug;
		};
		A16E6EDE233BD28A00EAF333 /* Release */ = {
			isa = XCBuildConfiguration;
			buildSettings = {
				ALWAYS_SEARCH_USER_PATHS = NO;
				CLANG_ANALYZER_NONNULL = YES;
				CLANG_ANALYZER_NUMBER_OBJECT_CONVERSION = YES_AGGRESSIVE;
				CLANG_CXX_LANGUAGE_STANDARD = "gnu++14";
				CLANG_CXX_LIBRARY = "libc++";
				CLANG_ENABLE_MODULES = YES;
				CLANG_ENABLE_OBJC_ARC = YES;
				CLANG_ENABLE_OBJC_WEAK = YES;
				CLANG_WARN_BLOCK_CAPTURE_AUTORELEASING = YES;
				CLANG_WARN_BOOL_CONVERSION = YES;
				CLANG_WARN_COMMA = YES;
				CLANG_WARN_CONSTANT_CONVERSION = YES;
				CLANG_WARN_DEPRECATED_OBJC_IMPLEMENTATIONS = YES;
				CLANG_WARN_DIRECT_OBJC_ISA_USAGE = YES_ERROR;
				CLANG_WARN_DOCUMENTATION_COMMENTS = YES;
				CLANG_WARN_EMPTY_BODY = YES;
				CLANG_WARN_ENUM_CONVERSION = YES;
				CLANG_WARN_INFINITE_RECURSION = YES;
				CLANG_WARN_INT_CONVERSION = YES;
				CLANG_WARN_NON_LITERAL_NULL_CONVERSION = YES;
				CLANG_WARN_OBJC_IMPLICIT_RETAIN_SELF = YES;
				CLANG_WARN_OBJC_LITERAL_CONVERSION = YES;
				CLANG_WARN_OBJC_ROOT_CLASS = YES_ERROR;
				CLANG_WARN_RANGE_LOOP_ANALYSIS = YES;
				CLANG_WARN_STRICT_PROTOTYPES = YES;
				CLANG_WARN_SUSPICIOUS_MOVE = YES;
				CLANG_WARN_UNGUARDED_AVAILABILITY = YES_AGGRESSIVE;
				CLANG_WARN_UNREACHABLE_CODE = YES;
				CLANG_WARN__DUPLICATE_METHOD_MATCH = YES;
				CODE_SIGN_IDENTITY = "iPhone Developer";
				COPY_PHASE_STRIP = NO;
				DEBUG_INFORMATION_FORMAT = "dwarf-with-dsym";
				ENABLE_NS_ASSERTIONS = NO;
				ENABLE_STRICT_OBJC_MSGSEND = YES;
				GCC_C_LANGUAGE_STANDARD = gnu11;
				GCC_NO_COMMON_BLOCKS = YES;
				GCC_WARN_64_TO_32_BIT_CONVERSION = YES;
				GCC_WARN_ABOUT_RETURN_TYPE = YES_ERROR;
				GCC_WARN_UNDECLARED_SELECTOR = YES;
				GCC_WARN_UNINITIALIZED_AUTOS = YES_AGGRESSIVE;
				GCC_WARN_UNUSED_FUNCTION = YES;
				GCC_WARN_UNUSED_VARIABLE = YES;
				IPHONEOS_DEPLOYMENT_TARGET = 12.2;
				MTL_ENABLE_DEBUG_INFO = NO;
				MTL_FAST_MATH = YES;
				SDKROOT = iphoneos;
				SWIFT_COMPILATION_MODE = wholemodule;
				SWIFT_OPTIMIZATION_LEVEL = "-O";
				VALIDATE_PRODUCT = YES;
			};
			name = Release;
		};
		A16E6EE0233BD28A00EAF333 /* Debug */ = {
			isa = XCBuildConfiguration;
			buildSettings = {
				ASSETCATALOG_COMPILER_APPICON_NAME = AppIcon;
				CODE_SIGN_STYLE = Automatic;
				INFOPLIST_FILE = practica11/Info.plist;
				LD_RUNPATH_SEARCH_PATHS = (
					"$(inherited)",
					"@executable_path/Frameworks",
				);
				PRODUCT_BUNDLE_IDENTIFIER = ZagoSV.practica11;
				PRODUCT_NAME = "$(TARGET_NAME)";
				SWIFT_VERSION = 5.0;
				TARGETED_DEVICE_FAMILY = "1,2";
			};
			name = Debug;
		};
		A16E6EE1233BD28A00EAF333 /* Release */ = {
			isa = XCBuildConfiguration;
			buildSettings = {
				ASSETCATALOG_COMPILER_APPICON_NAME = AppIcon;
				CODE_SIGN_STYLE = Automatic;
				INFOPLIST_FILE = practica11/Info.plist;
				LD_RUNPATH_SEARCH_PATHS = (
					"$(inherited)",
					"@executable_path/Frameworks",
				);
				PRODUCT_BUNDLE_IDENTIFIER = ZagoSV.practica11;
				PRODUCT_NAME = "$(TARGET_NAME)";
				SWIFT_VERSION = 5.0;
				TARGETED_DEVICE_FAMILY = "1,2";
			};
			name = Release;
		};
/* End XCBuildConfiguration section */

/* Begin XCConfigurationList section */
		A16E6EC5233BD28900EAF333 /* Build configuration list for PBXProject "practica11" */ = {
			isa = XCConfigurationList;
			buildConfigurations = (
				A16E6EDD233BD28A00EAF333 /* Debug */,
				A16E6EDE233BD28A00EAF333 /* Release */,
			);
			defaultConfigurationIsVisible = 0;
			defaultConfigurationName = Release;
		};
		A16E6EDF233BD28A00EAF333 /* Build configuration list for PBXNativeTarget "practica11" */ = {
			isa = XCConfigurationList;
			buildConfigurations = (
				A16E6EE0233BD28A00EAF333 /* Debug */,
				A16E6EE1233BD28A00EAF333 /* Release */,
			);
			defaultConfigurationIsVisible = 0;
			defaultConfigurationName = Release;
		};
/* End XCConfigurationList section */

/* Begin XCVersionGroup section */
		A16E6ED4233BD28900EAF333 /* practica11.xcdatamodeld */ = {
			isa = XCVersionGroup;
			children = (
				A16E6ED5233BD28900EAF333 /* practica11.xcdatamodel */,
			);
			currentVersion = A16E6ED5233BD28900EAF333 /* practica11.xcdatamodel */;
			path = practica11.xcdatamodeld;
			sourceTree = "<group>";
			versionGroupType = wrapper.xcdatamodel;
		};
/* End XCVersionGroup section */
	};
	rootObject = A16E6EC2233BD28900EAF333 /* Project object */;
}
